// !$*UTF8*$!
{
	archiveVersion = 1;
	classes = {
	};
	objectVersion = 56;
	objects = {

/* Begin PBXBuildFile section */
		DA1595552BE9C9DD00C02D9A /* RunView.swift in Sources */ = {isa = PBXBuildFile; fileRef = DA1595542BE9C9DD00C02D9A /* RunView.swift */; };
		DA1595612BEC93AA00C02D9A /* ThumbsView.swift in Sources */ = {isa = PBXBuildFile; fileRef = DA1595602BEC93AA00C02D9A /* ThumbsView.swift */; };
		DA1595632BED5FC800C02D9A /* BuddyConfig.swift in Sources */ = {isa = PBXBuildFile; fileRef = DA1595622BED5FC800C02D9A /* BuddyConfig.swift */; };
		DA1595652BED63B600C02D9A /* BuddyConfig.plist in Resources */ = {isa = PBXBuildFile; fileRef = DA1595642BED63B600C02D9A /* BuddyConfig.plist */; };
		DA3536B02BD2FB9B009FDBB2 /* BuddyEngine.swift in Sources */ = {isa = PBXBuildFile; fileRef = DA3536AF2BD2FB9B009FDBB2 /* BuddyEngine.swift */; };
		DA3536B22BD32EB5009FDBB2 /* AnswerView.swift in Sources */ = {isa = PBXBuildFile; fileRef = DA3536B12BD32EB5009FDBB2 /* AnswerView.swift */; };
		DA3536B72BD36FAF009FDBB2 /* Prompt.swift in Sources */ = {isa = PBXBuildFile; fileRef = DA3536B62BD36FAF009FDBB2 /* Prompt.swift */; };
		DA3536B92BD37062009FDBB2 /* ChartForecast.swift in Sources */ = {isa = PBXBuildFile; fileRef = DA3536B82BD37062009FDBB2 /* ChartForecast.swift */; };
		DA57DB542BFF055B00FE8AD5 /* WeatherEngine.swift in Sources */ = {isa = PBXBuildFile; fileRef = DA57DB532BFF055B00FE8AD5 /* WeatherEngine.swift */; };
		DA57DB562C0134B100FE8AD5 /* WeatherResponse.swift in Sources */ = {isa = PBXBuildFile; fileRef = DA57DB552C0134B100FE8AD5 /* WeatherResponse.swift */; };
		DA57DB582C01361500FE8AD5 /* AnalysisView.swift in Sources */ = {isa = PBXBuildFile; fileRef = DA57DB572C01361500FE8AD5 /* AnalysisView.swift */; };
		DA57DB602C01386E00FE8AD5 /* RunBuddyTests.swift in Sources */ = {isa = PBXBuildFile; fileRef = DA57DB5F2C01386E00FE8AD5 /* RunBuddyTests.swift */; };
		DA57DB682C017EB600FE8AD5 /* Double.swift in Sources */ = {isa = PBXBuildFile; fileRef = DA57DB672C017EB600FE8AD5 /* Double.swift */; };
		DA57DB6C2C02E47200FE8AD5 /* Colors.swift in Sources */ = {isa = PBXBuildFile; fileRef = DA57DB6B2C02E47200FE8AD5 /* Colors.swift */; };
		DA57DB6E2C07897600FE8AD5 /* ForecastView.swift in Sources */ = {isa = PBXBuildFile; fileRef = DA57DB6D2C07897600FE8AD5 /* ForecastView.swift */; };
		DA57DB712C0D5FEF00FE8AD5 /* History.swift in Sources */ = {isa = PBXBuildFile; fileRef = DA57DB702C0D5FEF00FE8AD5 /* History.swift */; };
		DA5BB9442BD862BC0010DC12 /* Structures in Frameworks */ = {isa = PBXBuildFile; productRef = DA5BB9432BD862BC0010DC12 /* Structures */; };
		DA5BB94D2BDBFF730010DC12 /* EllipsisView.swift in Sources */ = {isa = PBXBuildFile; fileRef = DA5BB94C2BDBFF730010DC12 /* EllipsisView.swift */; };
		DA65619F2C0FACAB0030076B /* Date.swift in Sources */ = {isa = PBXBuildFile; fileRef = DA65619E2C0FACAB0030076B /* Date.swift */; };
		DA6561A12C0FD98E0030076B /* String.swift in Sources */ = {isa = PBXBuildFile; fileRef = DA6561A02C0FD98E0030076B /* String.swift */; };
		DA728AB72C13BA8A0069B76B /* TerrainView.swift in Sources */ = {isa = PBXBuildFile; fileRef = DA728AB62C13BA8A0069B76B /* TerrainView.swift */; };
		DAA42B102BE15EA800B041E9 /* QuestionView.swift in Sources */ = {isa = PBXBuildFile; fileRef = DAA42B0F2BE15EA800B041E9 /* QuestionView.swift */; };
		DAA42B122BE1A61300B041E9 /* FieldStyleModifier.swift in Sources */ = {isa = PBXBuildFile; fileRef = DAA42B112BE1A61300B041E9 /* FieldStyleModifier.swift */; };
		DAA42B142BE1D9BD00B041E9 /* SheetStyleModifier.swift in Sources */ = {isa = PBXBuildFile; fileRef = DAA42B132BE1D9BD00B041E9 /* SheetStyleModifier.swift */; };
		DAA87AB12C1BE22300CF11F4 /* DurationView.swift in Sources */ = {isa = PBXBuildFile; fileRef = DAA87AB02C1BE22300CF11F4 /* DurationView.swift */; };
		DAA87AB32C1BE48900CF11F4 /* TimeRange.swift in Sources */ = {isa = PBXBuildFile; fileRef = DAA87AB22C1BE48900CF11F4 /* TimeRange.swift */; };
		DAA87AB82C1F85FB00CF11F4 /* Favorite.swift in Sources */ = {isa = PBXBuildFile; fileRef = DAA87AB72C1F85FB00CF11F4 /* Favorite.swift */; };
		DAA87ABB2C1FE9D300CF11F4 /* FavoriteImage.swift in Sources */ = {isa = PBXBuildFile; fileRef = DAA87ABA2C1FE9D300CF11F4 /* FavoriteImage.swift */; };
		DAA87AC12C250EBD00CF11F4 /* Color.swift in Sources */ = {isa = PBXBuildFile; fileRef = DAA87AC02C250EBC00CF11F4 /* Color.swift */; };
		DAA87AC52C263E2A00CF11F4 /* FavoriteView.swift in Sources */ = {isa = PBXBuildFile; fileRef = DAA87AC42C263E2A00CF11F4 /* FavoriteView.swift */; };
		DAA87AC72C2E3FF700CF11F4 /* Int.swift in Sources */ = {isa = PBXBuildFile; fileRef = DAA87AC62C2E3FF700CF11F4 /* Int.swift */; };
		DAA87ACE2C33ABBF00CF11F4 /* NutritionView.swift in Sources */ = {isa = PBXBuildFile; fileRef = DAA87ACD2C33ABBF00CF11F4 /* NutritionView.swift */; };
		DAA87AD22C3A1A4A00CF11F4 /* ActivityView.swift in Sources */ = {isa = PBXBuildFile; fileRef = DAA87AD12C3A1A4A00CF11F4 /* ActivityView.swift */; };
		DAAABCA12BC71F9C00A4C09A /* RunBuddyApp.swift in Sources */ = {isa = PBXBuildFile; fileRef = DAAABCA02BC71F9C00A4C09A /* RunBuddyApp.swift */; };
		DAAABCA52BC71F9D00A4C09A /* Assets.xcassets in Resources */ = {isa = PBXBuildFile; fileRef = DAAABCA42BC71F9D00A4C09A /* Assets.xcassets */; };
		DAAABCA92BC71F9D00A4C09A /* Preview Assets.xcassets in Resources */ = {isa = PBXBuildFile; fileRef = DAAABCA82BC71F9D00A4C09A /* Preview Assets.xcassets */; };
		DAAABCB12BC7209200A4C09A /* GoogleGenerativeAI in Frameworks */ = {isa = PBXBuildFile; productRef = DAAABCB02BC7209200A4C09A /* GoogleGenerativeAI */; };
		DAAABCB72BCE1E7400A4C09A /* MapView.swift in Sources */ = {isa = PBXBuildFile; fileRef = DAAABCB62BCE1E7400A4C09A /* MapView.swift */; };
		DAAABCB92BCE34D000A4C09A /* Question.swift in Sources */ = {isa = PBXBuildFile; fileRef = DAAABCB82BCE34D000A4C09A /* Question.swift */; };
		DACF91CC2BE2F7C700A72BD0 /* SearchEngine.swift in Sources */ = {isa = PBXBuildFile; fileRef = DACF91CB2BE2F7C700A72BD0 /* SearchEngine.swift */; };
/* End PBXBuildFile section */

/* Begin PBXContainerItemProxy section */
		DA57DB612C01386E00FE8AD5 /* PBXContainerItemProxy */ = {
			isa = PBXContainerItemProxy;
			containerPortal = DAAABC952BC71F9C00A4C09A /* Project object */;
			proxyType = 1;
			remoteGlobalIDString = DAAABC9C2BC71F9C00A4C09A;
			remoteInfo = RunBuddyDemo;
		};
/* End PBXContainerItemProxy section */

/* Begin PBXFileReference section */
		DA1595542BE9C9DD00C02D9A /* RunView.swift */ = {isa = PBXFileReference; lastKnownFileType = sourcecode.swift; path = RunView.swift; sourceTree = "<group>"; };
		DA1595602BEC93AA00C02D9A /* ThumbsView.swift */ = {isa = PBXFileReference; lastKnownFileType = sourcecode.swift; path = ThumbsView.swift; sourceTree = "<group>"; };
		DA1595622BED5FC800C02D9A /* BuddyConfig.swift */ = {isa = PBXFileReference; lastKnownFileType = sourcecode.swift; path = BuddyConfig.swift; sourceTree = "<group>"; };
		DA1595642BED63B600C02D9A /* BuddyConfig.plist */ = {isa = PBXFileReference; lastKnownFileType = text.plist.xml; path = BuddyConfig.plist; sourceTree = "<group>"; };
		DA3536AF2BD2FB9B009FDBB2 /* BuddyEngine.swift */ = {isa = PBXFileReference; lastKnownFileType = sourcecode.swift; path = BuddyEngine.swift; sourceTree = "<group>"; };
		DA3536B12BD32EB5009FDBB2 /* AnswerView.swift */ = {isa = PBXFileReference; lastKnownFileType = sourcecode.swift; path = AnswerView.swift; sourceTree = "<group>"; };
		DA3536B62BD36FAF009FDBB2 /* Prompt.swift */ = {isa = PBXFileReference; lastKnownFileType = sourcecode.swift; path = Prompt.swift; sourceTree = "<group>"; };
		DA3536B82BD37062009FDBB2 /* ChartForecast.swift */ = {isa = PBXFileReference; lastKnownFileType = sourcecode.swift; path = ChartForecast.swift; sourceTree = "<group>"; };
		DA57DB532BFF055B00FE8AD5 /* WeatherEngine.swift */ = {isa = PBXFileReference; lastKnownFileType = sourcecode.swift; path = WeatherEngine.swift; sourceTree = "<group>"; };
		DA57DB552C0134B100FE8AD5 /* WeatherResponse.swift */ = {isa = PBXFileReference; lastKnownFileType = sourcecode.swift; path = WeatherResponse.swift; sourceTree = "<group>"; };
		DA57DB572C01361500FE8AD5 /* AnalysisView.swift */ = {isa = PBXFileReference; lastKnownFileType = sourcecode.swift; path = AnalysisView.swift; sourceTree = "<group>"; };
		DA57DB5D2C01386E00FE8AD5 /* RunBuddyTests.xctest */ = {isa = PBXFileReference; explicitFileType = wrapper.cfbundle; includeInIndex = 0; path = RunBuddyTests.xctest; sourceTree = BUILT_PRODUCTS_DIR; };
		DA57DB5F2C01386E00FE8AD5 /* RunBuddyTests.swift */ = {isa = PBXFileReference; lastKnownFileType = sourcecode.swift; path = RunBuddyTests.swift; sourceTree = "<group>"; };
		DA57DB672C017EB600FE8AD5 /* Double.swift */ = {isa = PBXFileReference; lastKnownFileType = sourcecode.swift; path = Double.swift; sourceTree = "<group>"; };
		DA57DB6B2C02E47200FE8AD5 /* Colors.swift */ = {isa = PBXFileReference; lastKnownFileType = sourcecode.swift; path = Colors.swift; sourceTree = "<group>"; };
		DA57DB6D2C07897600FE8AD5 /* ForecastView.swift */ = {isa = PBXFileReference; lastKnownFileType = sourcecode.swift; path = ForecastView.swift; sourceTree = "<group>"; };
		DA57DB702C0D5FEF00FE8AD5 /* History.swift */ = {isa = PBXFileReference; lastKnownFileType = sourcecode.swift; path = History.swift; sourceTree = "<group>"; };
		DA5BB9462BD863850010DC12 /* XCTest.framework */ = {isa = PBXFileReference; lastKnownFileType = wrapper.framework; name = XCTest.framework; path = Platforms/MacOSX.platform/Developer/Library/Frameworks/XCTest.framework; sourceTree = DEVELOPER_DIR; };
		DA5BB94C2BDBFF730010DC12 /* EllipsisView.swift */ = {isa = PBXFileReference; lastKnownFileType = sourcecode.swift; path = EllipsisView.swift; sourceTree = "<group>"; };
		DA65619E2C0FACAB0030076B /* Date.swift */ = {isa = PBXFileReference; lastKnownFileType = sourcecode.swift; path = Date.swift; sourceTree = "<group>"; };
		DA6561A02C0FD98E0030076B /* String.swift */ = {isa = PBXFileReference; lastKnownFileType = sourcecode.swift; path = String.swift; sourceTree = "<group>"; };
		DA728AB62C13BA8A0069B76B /* TerrainView.swift */ = {isa = PBXFileReference; lastKnownFileType = sourcecode.swift; path = TerrainView.swift; sourceTree = "<group>"; };
		DAA42B0F2BE15EA800B041E9 /* QuestionView.swift */ = {isa = PBXFileReference; lastKnownFileType = sourcecode.swift; path = QuestionView.swift; sourceTree = "<group>"; };
		DAA42B112BE1A61300B041E9 /* FieldStyleModifier.swift */ = {isa = PBXFileReference; lastKnownFileType = sourcecode.swift; path = FieldStyleModifier.swift; sourceTree = "<group>"; };
		DAA42B132BE1D9BD00B041E9 /* SheetStyleModifier.swift */ = {isa = PBXFileReference; lastKnownFileType = sourcecode.swift; path = SheetStyleModifier.swift; sourceTree = "<group>"; };
		DAA87AB02C1BE22300CF11F4 /* DurationView.swift */ = {isa = PBXFileReference; fileEncoding = 4; lastKnownFileType = sourcecode.swift; path = DurationView.swift; sourceTree = "<group>"; };
		DAA87AB22C1BE48900CF11F4 /* TimeRange.swift */ = {isa = PBXFileReference; lastKnownFileType = sourcecode.swift; path = TimeRange.swift; sourceTree = "<group>"; };
		DAA87AB72C1F85FB00CF11F4 /* Favorite.swift */ = {isa = PBXFileReference; lastKnownFileType = sourcecode.swift; path = Favorite.swift; sourceTree = "<group>"; };
		DAA87ABA2C1FE9D300CF11F4 /* FavoriteImage.swift */ = {isa = PBXFileReference; lastKnownFileType = sourcecode.swift; path = FavoriteImage.swift; sourceTree = "<group>"; };
		DAA87AC02C250EBC00CF11F4 /* Color.swift */ = {isa = PBXFileReference; lastKnownFileType = sourcecode.swift; path = Color.swift; sourceTree = "<group>"; };
		DAA87AC42C263E2A00CF11F4 /* FavoriteView.swift */ = {isa = PBXFileReference; lastKnownFileType = sourcecode.swift; path = FavoriteView.swift; sourceTree = "<group>"; };
		DAA87AC62C2E3FF700CF11F4 /* Int.swift */ = {isa = PBXFileReference; lastKnownFileType = sourcecode.swift; path = Int.swift; sourceTree = "<group>"; };
		DAA87ACD2C33ABBF00CF11F4 /* NutritionView.swift */ = {isa = PBXFileReference; lastKnownFileType = sourcecode.swift; path = NutritionView.swift; sourceTree = "<group>"; };
		DAA87AD12C3A1A4A00CF11F4 /* ActivityView.swift */ = {isa = PBXFileReference; lastKnownFileType = sourcecode.swift; path = ActivityView.swift; sourceTree = "<group>"; };
		DAAABC9D2BC71F9C00A4C09A /* RunBuddyDemo.app */ = {isa = PBXFileReference; explicitFileType = wrapper.application; includeInIndex = 0; path = RunBuddyDemo.app; sourceTree = BUILT_PRODUCTS_DIR; };
		DAAABCA02BC71F9C00A4C09A /* RunBuddyApp.swift */ = {isa = PBXFileReference; lastKnownFileType = sourcecode.swift; path = RunBuddyApp.swift; sourceTree = "<group>"; };
		DAAABCA42BC71F9D00A4C09A /* Assets.xcassets */ = {isa = PBXFileReference; lastKnownFileType = folder.assetcatalog; path = Assets.xcassets; sourceTree = "<group>"; };
		DAAABCA62BC71F9D00A4C09A /* RunBuddyDemo.entitlements */ = {isa = PBXFileReference; lastKnownFileType = text.plist.entitlements; path = RunBuddyDemo.entitlements; sourceTree = "<group>"; };
		DAAABCA82BC71F9D00A4C09A /* Preview Assets.xcassets */ = {isa = PBXFileReference; lastKnownFileType = folder.assetcatalog; path = "Preview Assets.xcassets"; sourceTree = "<group>"; };
		DAAABCB62BCE1E7400A4C09A /* MapView.swift */ = {isa = PBXFileReference; lastKnownFileType = sourcecode.swift; path = MapView.swift; sourceTree = "<group>"; };
		DAAABCB82BCE34D000A4C09A /* Question.swift */ = {isa = PBXFileReference; lastKnownFileType = sourcecode.swift; path = Question.swift; sourceTree = "<group>"; };
		DACF91CB2BE2F7C700A72BD0 /* SearchEngine.swift */ = {isa = PBXFileReference; lastKnownFileType = sourcecode.swift; path = SearchEngine.swift; sourceTree = "<group>"; };
/* End PBXFileReference section */

/* Begin PBXFrameworksBuildPhase section */
		DA57DB5A2C01386E00FE8AD5 /* Frameworks */ = {
			isa = PBXFrameworksBuildPhase;
			buildActionMask = 2147483647;
			files = (
			);
			runOnlyForDeploymentPostprocessing = 0;
		};
		DAAABC9A2BC71F9C00A4C09A /* Frameworks */ = {
			isa = PBXFrameworksBuildPhase;
			buildActionMask = 2147483647;
			files = (
				DA5BB9442BD862BC0010DC12 /* Structures in Frameworks */,
				DAAABCB12BC7209200A4C09A /* GoogleGenerativeAI in Frameworks */,
			);
			runOnlyForDeploymentPostprocessing = 0;
		};
/* End PBXFrameworksBuildPhase section */

/* Begin PBXGroup section */
		DA3536B32BD36A03009FDBB2 /* Structures */ = {
			isa = PBXGroup;
			children = (
				DAA87AB62C1BE4FA00CF11F4 /* Config */,
				DAA87AB52C1BE4C100CF11F4 /* Analysis */,
				DAA87AB42C1BE49E00CF11F4 /* Question */,
				DA57DB662C017E9200FE8AD5 /* Extensions */,
			);
			path = Structures;
			sourceTree = "<group>";
		};
		DA57DB5E2C01386E00FE8AD5 /* RunBuddyTests */ = {
			isa = PBXGroup;
			children = (
				DA57DB5F2C01386E00FE8AD5 /* RunBuddyTests.swift */,
			);
			path = RunBuddyTests;
			sourceTree = "<group>";
		};
		DA57DB662C017E9200FE8AD5 /* Extensions */ = {
			isa = PBXGroup;
			children = (
				DA57DB672C017EB600FE8AD5 /* Double.swift */,
				DA65619E2C0FACAB0030076B /* Date.swift */,
				DA6561A02C0FD98E0030076B /* String.swift */,
				DAA87AC02C250EBC00CF11F4 /* Color.swift */,
				DAA87AC62C2E3FF700CF11F4 /* Int.swift */,
			);
			path = Extensions;
			sourceTree = "<group>";
		};
		DA5BB9452BD863850010DC12 /* Frameworks */ = {
			isa = PBXGroup;
			children = (
				DA5BB9462BD863850010DC12 /* XCTest.framework */,
			);
			name = Frameworks;
			sourceTree = "<group>";
		};
		DA5BB94E2BDCBB230010DC12 /* Modifiers */ = {
			isa = PBXGroup;
			children = (
				DAA42B112BE1A61300B041E9 /* FieldStyleModifier.swift */,
				DAA42B132BE1D9BD00B041E9 /* SheetStyleModifier.swift */,
			);
			path = Modifiers;
			sourceTree = "<group>";
		};
		DA728AB82C13BAAE0069B76B /* Question */ = {
			isa = PBXGroup;
			children = (
				DA1595542BE9C9DD00C02D9A /* RunView.swift */,
				DA728AB62C13BA8A0069B76B /* TerrainView.swift */,
				DAA87AB02C1BE22300CF11F4 /* DurationView.swift */,
				DAA42B0F2BE15EA800B041E9 /* QuestionView.swift */,
			);
			path = Question;
			sourceTree = "<group>";
		};
		DA728AB92C13BB0C0069B76B /* Analysis */ = {
			isa = PBXGroup;
			children = (
				DA5BB94C2BDBFF730010DC12 /* EllipsisView.swift */,
				DA1595602BEC93AA00C02D9A /* ThumbsView.swift */,
				DA57DB572C01361500FE8AD5 /* AnalysisView.swift */,
				DA57DB6D2C07897600FE8AD5 /* ForecastView.swift */,
				DAA87ACD2C33ABBF00CF11F4 /* NutritionView.swift */,
			);
			path = Analysis;
			sourceTree = "<group>";
		};
		DAA87AB42C1BE49E00CF11F4 /* Question */ = {
			isa = PBXGroup;
			children = (
				DAAABCB82BCE34D000A4C09A /* Question.swift */,
				DAA87AB22C1BE48900CF11F4 /* TimeRange.swift */,
				DAA87AB72C1F85FB00CF11F4 /* Favorite.swift */,
			);
			path = Question;
			sourceTree = "<group>";
		};
		DAA87AB52C1BE4C100CF11F4 /* Analysis */ = {
			isa = PBXGroup;
			children = (
				DA57DB702C0D5FEF00FE8AD5 /* History.swift */,
				DA57DB552C0134B100FE8AD5 /* WeatherResponse.swift */,
				DA3536B82BD37062009FDBB2 /* ChartForecast.swift */,
				DAA87AD12C3A1A4A00CF11F4 /* ActivityView.swift */,
			);
			path = Analysis;
			sourceTree = "<group>";
		};
		DAA87AB62C1BE4FA00CF11F4 /* Config */ = {
			isa = PBXGroup;
			children = (
				DA1595622BED5FC800C02D9A /* BuddyConfig.swift */,
				DA57DB6B2C02E47200FE8AD5 /* Colors.swift */,
			);
			path = Config;
			sourceTree = "<group>";
		};
		DAA87AB92C1FE9B100CF11F4 /* Favorite */ = {
			isa = PBXGroup;
			children = (
				DAA87ABA2C1FE9D300CF11F4 /* FavoriteImage.swift */,
				DAA87AC42C263E2A00CF11F4 /* FavoriteView.swift */,
			);
			path = Favorite;
			sourceTree = "<group>";
		};
		DAAABC942BC71F9C00A4C09A = {
			isa = PBXGroup;
			children = (
				DA1595642BED63B600C02D9A /* BuddyConfig.plist */,
				DAAABC9F2BC71F9C00A4C09A /* RunBuddyDemo */,
				DA57DB5E2C01386E00FE8AD5 /* RunBuddyTests */,
				DAAABC9E2BC71F9C00A4C09A /* Products */,
				DA5BB9452BD863850010DC12 /* Frameworks */,
			);
			sourceTree = "<group>";
		};
		DAAABC9E2BC71F9C00A4C09A /* Products */ = {
			isa = PBXGroup;
			children = (
				DAAABC9D2BC71F9C00A4C09A /* RunBuddyDemo.app */,
				DA57DB5D2C01386E00FE8AD5 /* RunBuddyTests.xctest */,
			);
			name = Products;
			sourceTree = "<group>";
		};
		DAAABC9F2BC71F9C00A4C09A /* RunBuddyDemo */ = {
			isa = PBXGroup;
			children = (
				DA3536B32BD36A03009FDBB2 /* Structures */,
				DAAABCBF2BD091B600A4C09A /* Factories */,
				DAAABCC02BD0979200A4C09A /* Views */,
				DAAABCA02BC71F9C00A4C09A /* RunBuddyApp.swift */,
				DAAABCA42BC71F9D00A4C09A /* Assets.xcassets */,
				DAAABCA62BC71F9D00A4C09A /* RunBuddyDemo.entitlements */,
				DAAABCA72BC71F9D00A4C09A /* Preview Content */,
			);
			path = RunBuddyDemo;
			sourceTree = "<group>";
		};
		DAAABCA72BC71F9D00A4C09A /* Preview Content */ = {
			isa = PBXGroup;
			children = (
				DAAABCA82BC71F9D00A4C09A /* Preview Assets.xcassets */,
			);
			path = "Preview Content";
			sourceTree = "<group>";
		};
		DAAABCBF2BD091B600A4C09A /* Factories */ = {
			isa = PBXGroup;
			children = (
				DA3536B62BD36FAF009FDBB2 /* Prompt.swift */,
				DA3536AF2BD2FB9B009FDBB2 /* BuddyEngine.swift */,
				DACF91CB2BE2F7C700A72BD0 /* SearchEngine.swift */,
				DA57DB532BFF055B00FE8AD5 /* WeatherEngine.swift */,
			);
			path = Factories;
			sourceTree = "<group>";
		};
		DAAABCC02BD0979200A4C09A /* Views */ = {
			isa = PBXGroup;
			children = (
				DAA87AB92C1FE9B100CF11F4 /* Favorite */,
				DA728AB92C13BB0C0069B76B /* Analysis */,
				DA728AB82C13BAAE0069B76B /* Question */,
				DA5BB94E2BDCBB230010DC12 /* Modifiers */,
				DAAABCB62BCE1E7400A4C09A /* MapView.swift */,
				DA3536B12BD32EB5009FDBB2 /* AnswerView.swift */,
			);
			path = Views;
			sourceTree = "<group>";
		};
/* End PBXGroup section */

/* Begin PBXNativeTarget section */
		DA57DB5C2C01386E00FE8AD5 /* RunBuddyTests */ = {
			isa = PBXNativeTarget;
			buildConfigurationList = DA57DB632C01386E00FE8AD5 /* Build configuration list for PBXNativeTarget "RunBuddyTests" */;
			buildPhases = (
				DA57DB592C01386E00FE8AD5 /* Sources */,
				DA57DB5A2C01386E00FE8AD5 /* Frameworks */,
				DA57DB5B2C01386E00FE8AD5 /* Resources */,
			);
			buildRules = (
			);
			dependencies = (
				DA57DB622C01386E00FE8AD5 /* PBXTargetDependency */,
			);
			name = RunBuddyTests;
			productName = RunBuddyTests;
			productReference = DA57DB5D2C01386E00FE8AD5 /* RunBuddyTests.xctest */;
			productType = "com.apple.product-type.bundle.unit-test";
		};
		DAAABC9C2BC71F9C00A4C09A /* RunBuddyDemo */ = {
			isa = PBXNativeTarget;
			buildConfigurationList = DAAABCAC2BC71F9D00A4C09A /* Build configuration list for PBXNativeTarget "RunBuddyDemo" */;
			buildPhases = (
				DAAABC992BC71F9C00A4C09A /* Sources */,
				DAAABC9A2BC71F9C00A4C09A /* Frameworks */,
				DAAABC9B2BC71F9C00A4C09A /* Resources */,
			);
			buildRules = (
			);
			dependencies = (
			);
			name = RunBuddyDemo;
			packageProductDependencies = (
				DAAABCB02BC7209200A4C09A /* GoogleGenerativeAI */,
				DA5BB9432BD862BC0010DC12 /* Structures */,
			);
			productName = RunBuddyDemo;
			productReference = DAAABC9D2BC71F9C00A4C09A /* RunBuddyDemo.app */;
			productType = "com.apple.product-type.application";
		};
/* End PBXNativeTarget section */

/* Begin PBXProject section */
		DAAABC952BC71F9C00A4C09A /* Project object */ = {
			isa = PBXProject;
			attributes = {
				BuildIndependentTargetsInParallel = 1;
				LastSwiftUpdateCheck = 1540;
				LastUpgradeCheck = 1530;
				TargetAttributes = {
					DA57DB5C2C01386E00FE8AD5 = {
						CreatedOnToolsVersion = 15.4;
						TestTargetID = DAAABC9C2BC71F9C00A4C09A;
					};
					DAAABC9C2BC71F9C00A4C09A = {
						CreatedOnToolsVersion = 15.3;
					};
				};
			};
			buildConfigurationList = DAAABC982BC71F9C00A4C09A /* Build configuration list for PBXProject "RunBuddyDemo" */;
			compatibilityVersion = "Xcode 14.0";
			developmentRegion = en;
			hasScannedForEncodings = 0;
			knownRegions = (
				en,
				Base,
			);
			mainGroup = DAAABC942BC71F9C00A4C09A;
			packageReferences = (
				DAAABCAF2BC7209200A4C09A /* XCRemoteSwiftPackageReference "generative-ai-swift" */,
				DA5BB9422BD862BC0010DC12 /* XCRemoteSwiftPackageReference "swift-structures" */,
			);
			productRefGroup = DAAABC9E2BC71F9C00A4C09A /* Products */;
			projectDirPath = "";
			projectRoot = "";
			targets = (
				DAAABC9C2BC71F9C00A4C09A /* RunBuddyDemo */,
				DA57DB5C2C01386E00FE8AD5 /* RunBuddyTests */,
			);
		};
/* End PBXProject section */

/* Begin PBXResourcesBuildPhase section */
		DA57DB5B2C01386E00FE8AD5 /* Resources */ = {
			isa = PBXResourcesBuildPhase;
			buildActionMask = 2147483647;
			files = (
			);
			runOnlyForDeploymentPostprocessing = 0;
		};
		DAAABC9B2BC71F9C00A4C09A /* Resources */ = {
			isa = PBXResourcesBuildPhase;
			buildActionMask = 2147483647;
			files = (
				DAAABCA92BC71F9D00A4C09A /* Preview Assets.xcassets in Resources */,
				DA1595652BED63B600C02D9A /* BuddyConfig.plist in Resources */,
				DAAABCA52BC71F9D00A4C09A /* Assets.xcassets in Resources */,
			);
			runOnlyForDeploymentPostprocessing = 0;
		};
/* End PBXResourcesBuildPhase section */

/* Begin PBXSourcesBuildPhase section */
		DA57DB592C01386E00FE8AD5 /* Sources */ = {
			isa = PBXSourcesBuildPhase;
			buildActionMask = 2147483647;
			files = (
				DA57DB602C01386E00FE8AD5 /* RunBuddyTests.swift in Sources */,
			);
			runOnlyForDeploymentPostprocessing = 0;
		};
		DAAABC992BC71F9C00A4C09A /* Sources */ = {
			isa = PBXSourcesBuildPhase;
			buildActionMask = 2147483647;
			files = (
				DA65619F2C0FACAB0030076B /* Date.swift in Sources */,
				DAA87AB82C1F85FB00CF11F4 /* Favorite.swift in Sources */,
				DA57DB542BFF055B00FE8AD5 /* WeatherEngine.swift in Sources */,
				DA1595632BED5FC800C02D9A /* BuddyConfig.swift in Sources */,
				DAAABCB72BCE1E7400A4C09A /* MapView.swift in Sources */,
				DA3536B72BD36FAF009FDBB2 /* Prompt.swift in Sources */,
				DAAABCA12BC71F9C00A4C09A /* RunBuddyApp.swift in Sources */,
				DA728AB72C13BA8A0069B76B /* TerrainView.swift in Sources */,
				DAA87AC52C263E2A00CF11F4 /* FavoriteView.swift in Sources */,
				DAA87AD22C3A1A4A00CF11F4 /* ActivityView.swift in Sources */,
				DA6561A12C0FD98E0030076B /* String.swift in Sources */,
				DA3536B02BD2FB9B009FDBB2 /* BuddyEngine.swift in Sources */,
				DA3536B22BD32EB5009FDBB2 /* AnswerView.swift in Sources */,
				DAA42B122BE1A61300B041E9 /* FieldStyleModifier.swift in Sources */,
				DAA42B142BE1D9BD00B041E9 /* SheetStyleModifier.swift in Sources */,
				DA57DB712C0D5FEF00FE8AD5 /* History.swift in Sources */,
				DAA87AC72C2E3FF700CF11F4 /* Int.swift in Sources */,
				DA1595612BEC93AA00C02D9A /* ThumbsView.swift in Sources */,
				DA57DB6E2C07897600FE8AD5 /* ForecastView.swift in Sources */,
				DAA87AB12C1BE22300CF11F4 /* DurationView.swift in Sources */,
				DA57DB6C2C02E47200FE8AD5 /* Colors.swift in Sources */,
				DAA87AC12C250EBD00CF11F4 /* Color.swift in Sources */,
				DA57DB582C01361500FE8AD5 /* AnalysisView.swift in Sources */,
				DA57DB682C017EB600FE8AD5 /* Double.swift in Sources */,
				DAA42B102BE15EA800B041E9 /* QuestionView.swift in Sources */,
				DAAABCB92BCE34D000A4C09A /* Question.swift in Sources */,
				DAA87ABB2C1FE9D300CF11F4 /* FavoriteImage.swift in Sources */,
				DA3536B92BD37062009FDBB2 /* ChartForecast.swift in Sources */,
				DA5BB94D2BDBFF730010DC12 /* EllipsisView.swift in Sources */,
				DA57DB562C0134B100FE8AD5 /* WeatherResponse.swift in Sources */,
				DAA87AB32C1BE48900CF11F4 /* TimeRange.swift in Sources */,
				DAA87ACE2C33ABBF00CF11F4 /* NutritionView.swift in Sources */,
				DACF91CC2BE2F7C700A72BD0 /* SearchEngine.swift in Sources */,
				DA1595552BE9C9DD00C02D9A /* RunView.swift in Sources */,
			);
			runOnlyForDeploymentPostprocessing = 0;
		};
/* End PBXSourcesBuildPhase section */

/* Begin PBXTargetDependency section */
		DA57DB622C01386E00FE8AD5 /* PBXTargetDependency */ = {
			isa = PBXTargetDependency;
			target = DAAABC9C2BC71F9C00A4C09A /* RunBuddyDemo */;
			targetProxy = DA57DB612C01386E00FE8AD5 /* PBXContainerItemProxy */;
		};
/* End PBXTargetDependency section */

/* Begin XCBuildConfiguration section */
		DA57DB642C01386E00FE8AD5 /* Debug */ = {
			isa = XCBuildConfiguration;
			buildSettings = {
				BUNDLE_LOADER = "$(TEST_HOST)";
				CODE_SIGN_STYLE = Automatic;
				CURRENT_PROJECT_VERSION = 1;
				GENERATE_INFOPLIST_FILE = YES;
				IPHONEOS_DEPLOYMENT_TARGET = 17.5;
				MARKETING_VERSION = 1.0;
				PRODUCT_BUNDLE_IDENTIFIER = com.arbutusinc.RunBuddyTests;
				PRODUCT_NAME = "$(TARGET_NAME)";
				SDKROOT = iphoneos;
				SWIFT_EMIT_LOC_STRINGS = NO;
				SWIFT_VERSION = 5.0;
				TARGETED_DEVICE_FAMILY = "1,2";
				TEST_HOST = "$(BUILT_PRODUCTS_DIR)/RunBuddyDemo.app/$(BUNDLE_EXECUTABLE_FOLDER_PATH)/RunBuddyDemo";
			};
			name = Debug;
		};
		DA57DB652C01386E00FE8AD5 /* Release */ = {
			isa = XCBuildConfiguration;
			buildSettings = {
				BUNDLE_LOADER = "$(TEST_HOST)";
				CODE_SIGN_STYLE = Automatic;
				CURRENT_PROJECT_VERSION = 1;
				GENERATE_INFOPLIST_FILE = YES;
				IPHONEOS_DEPLOYMENT_TARGET = 17.5;
				MARKETING_VERSION = 1.0;
				PRODUCT_BUNDLE_IDENTIFIER = com.arbutusinc.RunBuddyTests;
				PRODUCT_NAME = "$(TARGET_NAME)";
				SDKROOT = iphoneos;
				SWIFT_EMIT_LOC_STRINGS = NO;
				SWIFT_VERSION = 5.0;
				TARGETED_DEVICE_FAMILY = "1,2";
				TEST_HOST = "$(BUILT_PRODUCTS_DIR)/RunBuddyDemo.app/$(BUNDLE_EXECUTABLE_FOLDER_PATH)/RunBuddyDemo";
				VALIDATE_PRODUCT = YES;
			};
			name = Release;
		};
		DAAABCAA2BC71F9D00A4C09A /* Debug */ = {
			isa = XCBuildConfiguration;
			buildSettings = {
				ALWAYS_SEARCH_USER_PATHS = NO;
				ASSETCATALOG_COMPILER_GENERATE_SWIFT_ASSET_SYMBOL_EXTENSIONS = YES;
				CLANG_ANALYZER_NONNULL = YES;
				CLANG_ANALYZER_NUMBER_OBJECT_CONVERSION = YES_AGGRESSIVE;
				CLANG_CXX_LANGUAGE_STANDARD = "gnu++20";
				CLANG_ENABLE_MODULES = YES;
				CLANG_ENABLE_OBJC_ARC = YES;
				CLANG_ENABLE_OBJC_WEAK = YES;
				CLANG_WARN_BLOCK_CAPTURE_AUTORELEASING = YES;
				CLANG_WARN_BOOL_CONVERSION = YES;
				CLANG_WARN_COMMA = YES;
				CLANG_WARN_CONSTANT_CONVERSION = YES;
				CLANG_WARN_DEPRECATED_OBJC_IMPLEMENTATIONS = YES;
				CLANG_WARN_DIRECT_OBJC_ISA_USAGE = YES_ERROR;
				CLANG_WARN_DOCUMENTATION_COMMENTS = YES;
				CLANG_WARN_EMPTY_BODY = YES;
				CLANG_WARN_ENUM_CONVERSION = YES;
				CLANG_WARN_INFINITE_RECURSION = YES;
				CLANG_WARN_INT_CONVERSION = YES;
				CLANG_WARN_NON_LITERAL_NULL_CONVERSION = YES;
				CLANG_WARN_OBJC_IMPLICIT_RETAIN_SELF = YES;
				CLANG_WARN_OBJC_LITERAL_CONVERSION = YES;
				CLANG_WARN_OBJC_ROOT_CLASS = YES_ERROR;
				CLANG_WARN_QUOTED_INCLUDE_IN_FRAMEWORK_HEADER = YES;
				CLANG_WARN_RANGE_LOOP_ANALYSIS = YES;
				CLANG_WARN_STRICT_PROTOTYPES = YES;
				CLANG_WARN_SUSPICIOUS_MOVE = YES;
				CLANG_WARN_UNGUARDED_AVAILABILITY = YES_AGGRESSIVE;
				CLANG_WARN_UNREACHABLE_CODE = YES;
				CLANG_WARN__DUPLICATE_METHOD_MATCH = YES;
				COPY_PHASE_STRIP = NO;
				DEAD_CODE_STRIPPING = YES;
				DEBUG_INFORMATION_FORMAT = dwarf;
				ENABLE_STRICT_OBJC_MSGSEND = YES;
				ENABLE_TESTABILITY = YES;
				ENABLE_TESTING_SEARCH_PATHS = YES;
				ENABLE_USER_SCRIPT_SANDBOXING = YES;
				GCC_C_LANGUAGE_STANDARD = gnu17;
				GCC_DYNAMIC_NO_PIC = NO;
				GCC_NO_COMMON_BLOCKS = YES;
				GCC_OPTIMIZATION_LEVEL = 0;
				GCC_PREPROCESSOR_DEFINITIONS = (
					"DEBUG=1",
					"$(inherited)",
				);
				GCC_WARN_64_TO_32_BIT_CONVERSION = YES;
				GCC_WARN_ABOUT_RETURN_TYPE = YES_ERROR;
				GCC_WARN_UNDECLARED_SELECTOR = YES;
				GCC_WARN_UNINITIALIZED_AUTOS = YES_AGGRESSIVE;
				GCC_WARN_UNUSED_FUNCTION = YES;
				GCC_WARN_UNUSED_VARIABLE = YES;
				LOCALIZATION_PREFERS_STRING_CATALOGS = YES;
				MTL_ENABLE_DEBUG_INFO = INCLUDE_SOURCE;
				MTL_FAST_MATH = YES;
				ONLY_ACTIVE_ARCH = YES;
				SWIFT_ACTIVE_COMPILATION_CONDITIONS = "DEBUG $(inherited)";
				SWIFT_OPTIMIZATION_LEVEL = "-Onone";
			};
			name = Debug;
		};
		DAAABCAB2BC71F9D00A4C09A /* Release */ = {
			isa = XCBuildConfiguration;
			buildSettings = {
				ALWAYS_SEARCH_USER_PATHS = NO;
				ASSETCATALOG_COMPILER_GENERATE_SWIFT_ASSET_SYMBOL_EXTENSIONS = YES;
				CLANG_ANALYZER_NONNULL = YES;
				CLANG_ANALYZER_NUMBER_OBJECT_CONVERSION = YES_AGGRESSIVE;
				CLANG_CXX_LANGUAGE_STANDARD = "gnu++20";
				CLANG_ENABLE_MODULES = YES;
				CLANG_ENABLE_OBJC_ARC = YES;
				CLANG_ENABLE_OBJC_WEAK = YES;
				CLANG_WARN_BLOCK_CAPTURE_AUTORELEASING = YES;
				CLANG_WARN_BOOL_CONVERSION = YES;
				CLANG_WARN_COMMA = YES;
				CLANG_WARN_CONSTANT_CONVERSION = YES;
				CLANG_WARN_DEPRECATED_OBJC_IMPLEMENTATIONS = YES;
				CLANG_WARN_DIRECT_OBJC_ISA_USAGE = YES_ERROR;
				CLANG_WARN_DOCUMENTATION_COMMENTS = YES;
				CLANG_WARN_EMPTY_BODY = YES;
				CLANG_WARN_ENUM_CONVERSION = YES;
				CLANG_WARN_INFINITE_RECURSION = YES;
				CLANG_WARN_INT_CONVERSION = YES;
				CLANG_WARN_NON_LITERAL_NULL_CONVERSION = YES;
				CLANG_WARN_OBJC_IMPLICIT_RETAIN_SELF = YES;
				CLANG_WARN_OBJC_LITERAL_CONVERSION = YES;
				CLANG_WARN_OBJC_ROOT_CLASS = YES_ERROR;
				CLANG_WARN_QUOTED_INCLUDE_IN_FRAMEWORK_HEADER = YES;
				CLANG_WARN_RANGE_LOOP_ANALYSIS = YES;
				CLANG_WARN_STRICT_PROTOTYPES = YES;
				CLANG_WARN_SUSPICIOUS_MOVE = YES;
				CLANG_WARN_UNGUARDED_AVAILABILITY = YES_AGGRESSIVE;
				CLANG_WARN_UNREACHABLE_CODE = YES;
				CLANG_WARN__DUPLICATE_METHOD_MATCH = YES;
				COPY_PHASE_STRIP = NO;
				DEAD_CODE_STRIPPING = YES;
				DEBUG_INFORMATION_FORMAT = "dwarf-with-dsym";
				ENABLE_NS_ASSERTIONS = NO;
				ENABLE_STRICT_OBJC_MSGSEND = YES;
				ENABLE_USER_SCRIPT_SANDBOXING = YES;
				GCC_C_LANGUAGE_STANDARD = gnu17;
				GCC_NO_COMMON_BLOCKS = YES;
				GCC_WARN_64_TO_32_BIT_CONVERSION = YES;
				GCC_WARN_ABOUT_RETURN_TYPE = YES_ERROR;
				GCC_WARN_UNDECLARED_SELECTOR = YES;
				GCC_WARN_UNINITIALIZED_AUTOS = YES_AGGRESSIVE;
				GCC_WARN_UNUSED_FUNCTION = YES;
				GCC_WARN_UNUSED_VARIABLE = YES;
				LOCALIZATION_PREFERS_STRING_CATALOGS = YES;
				MTL_ENABLE_DEBUG_INFO = NO;
				MTL_FAST_MATH = YES;
				SWIFT_COMPILATION_MODE = wholemodule;
			};
			name = Release;
		};
		DAAABCAD2BC71F9D00A4C09A /* Debug */ = {
			isa = XCBuildConfiguration;
			buildSettings = {
				ASSETCATALOG_COMPILER_APPICON_NAME = AppIcon;
				ASSETCATALOG_COMPILER_GLOBAL_ACCENT_COLOR_NAME = AccentColor;
				CODE_SIGN_ENTITLEMENTS = RunBuddyDemo/RunBuddyDemo.entitlements;
				CODE_SIGN_STYLE = Automatic;
				CURRENT_PROJECT_VERSION = 1;
				DEAD_CODE_STRIPPING = YES;
				DEVELOPMENT_ASSET_PATHS = "\"RunBuddyDemo/Preview Content\"";
				DEVELOPMENT_TEAM = 6586N6K7KU;
				ENABLE_PREVIEWS = YES;
				GENERATE_INFOPLIST_FILE = YES;
				INFOPLIST_KEY_CFBundleDisplayName = "Run Buddy";
				"INFOPLIST_KEY_UIApplicationSceneManifest_Generation[sdk=iphoneos*]" = YES;
				"INFOPLIST_KEY_UIApplicationSceneManifest_Generation[sdk=iphonesimulator*]" = YES;
				"INFOPLIST_KEY_UIApplicationSupportsIndirectInputEvents[sdk=iphoneos*]" = YES;
				"INFOPLIST_KEY_UIApplicationSupportsIndirectInputEvents[sdk=iphonesimulator*]" = YES;
				"INFOPLIST_KEY_UILaunchScreen_Generation[sdk=iphoneos*]" = YES;
				"INFOPLIST_KEY_UILaunchScreen_Generation[sdk=iphonesimulator*]" = YES;
				"INFOPLIST_KEY_UIStatusBarStyle[sdk=iphoneos*]" = UIStatusBarStyleDefault;
				"INFOPLIST_KEY_UIStatusBarStyle[sdk=iphonesimulator*]" = UIStatusBarStyleDefault;
				INFOPLIST_KEY_UISupportedInterfaceOrientations = "UIInterfaceOrientationLandscapeLeft UIInterfaceOrientationLandscapeRight UIInterfaceOrientationPortrait UIInterfaceOrientationPortraitUpsideDown";
				IPHONEOS_DEPLOYMENT_TARGET = 17.4;
				LD_RUNPATH_SEARCH_PATHS = "@executable_path/Frameworks";
				"LD_RUNPATH_SEARCH_PATHS[sdk=macosx*]" = "@executable_path/../Frameworks";
				MACOSX_DEPLOYMENT_TARGET = 14.4;
				MARKETING_VERSION = 1.0;
				PRODUCT_BUNDLE_IDENTIFIER = com.arbutusinc.RunBuddyDemo;
				PRODUCT_NAME = "$(TARGET_NAME)";
				SDKROOT = auto;
				SUPPORTED_PLATFORMS = "iphoneos iphonesimulator macosx";
				SWIFT_EMIT_LOC_STRINGS = YES;
				SWIFT_VERSION = 5.0;
				TARGETED_DEVICE_FAMILY = "1,2";
			};
			name = Debug;
		};
		DAAABCAE2BC71F9D00A4C09A /* Release */ = {
			isa = XCBuildConfiguration;
			buildSettings = {
				ASSETCATALOG_COMPILER_APPICON_NAME = AppIcon;
				ASSETCATALOG_COMPILER_GLOBAL_ACCENT_COLOR_NAME = AccentColor;
				CODE_SIGN_ENTITLEMENTS = RunBuddyDemo/RunBuddyDemo.entitlements;
				CODE_SIGN_STYLE = Automatic;
				CURRENT_PROJECT_VERSION = 1;
				DEAD_CODE_STRIPPING = YES;
				DEVELOPMENT_ASSET_PATHS = "\"RunBuddyDemo/Preview Content\"";
				DEVELOPMENT_TEAM = 6586N6K7KU;
				ENABLE_PREVIEWS = YES;
				GENERATE_INFOPLIST_FILE = YES;
				INFOPLIST_KEY_CFBundleDisplayName = "Run Buddy";
				"INFOPLIST_KEY_UIApplicationSceneManifest_Generation[sdk=iphoneos*]" = YES;
				"INFOPLIST_KEY_UIApplicationSceneManifest_Generation[sdk=iphonesimulator*]" = YES;
				"INFOPLIST_KEY_UIApplicationSupportsIndirectInputEvents[sdk=iphoneos*]" = YES;
				"INFOPLIST_KEY_UIApplicationSupportsIndirectInputEvents[sdk=iphonesimulator*]" = YES;
				"INFOPLIST_KEY_UILaunchScreen_Generation[sdk=iphoneos*]" = YES;
				"INFOPLIST_KEY_UILaunchScreen_Generation[sdk=iphonesimulator*]" = YES;
				"INFOPLIST_KEY_UIStatusBarStyle[sdk=iphoneos*]" = UIStatusBarStyleDefault;
				"INFOPLIST_KEY_UIStatusBarStyle[sdk=iphonesimulator*]" = UIStatusBarStyleDefault;
				INFOPLIST_KEY_UISupportedInterfaceOrientations = "UIInterfaceOrientationLandscapeLeft UIInterfaceOrientationLandscapeRight UIInterfaceOrientationPortrait UIInterfaceOrientationPortraitUpsideDown";
				IPHONEOS_DEPLOYMENT_TARGET = 17.4;
				LD_RUNPATH_SEARCH_PATHS = "@executable_path/Frameworks";
				"LD_RUNPATH_SEARCH_PATHS[sdk=macosx*]" = "@executable_path/../Frameworks";
				MACOSX_DEPLOYMENT_TARGET = 14.4;
				MARKETING_VERSION = 1.0;
				PRODUCT_BUNDLE_IDENTIFIER = com.arbutusinc.RunBuddyDemo;
				PRODUCT_NAME = "$(TARGET_NAME)";
				SDKROOT = auto;
				SUPPORTED_PLATFORMS = "iphoneos iphonesimulator macosx";
				SWIFT_EMIT_LOC_STRINGS = YES;
				SWIFT_VERSION = 5.0;
				TARGETED_DEVICE_FAMILY = "1,2";
			};
			name = Release;
		};
/* End XCBuildConfiguration section */

/* Begin XCConfigurationList section */
		DA57DB632C01386E00FE8AD5 /* Build configuration list for PBXNativeTarget "RunBuddyTests" */ = {
			isa = XCConfigurationList;
			buildConfigurations = (
				DA57DB642C01386E00FE8AD5 /* Debug */,
				DA57DB652C01386E00FE8AD5 /* Release */,
			);
			defaultConfigurationIsVisible = 0;
			defaultConfigurationName = Release;
		};
		DAAABC982BC71F9C00A4C09A /* Build configuration list for PBXProject "RunBuddyDemo" */ = {
			isa = XCConfigurationList;
			buildConfigurations = (
				DAAABCAA2BC71F9D00A4C09A /* Debug */,
				DAAABCAB2BC71F9D00A4C09A /* Release */,
			);
			defaultConfigurationIsVisible = 0;
			defaultConfigurationName = Release;
		};
		DAAABCAC2BC71F9D00A4C09A /* Build configuration list for PBXNativeTarget "RunBuddyDemo" */ = {
			isa = XCConfigurationList;
			buildConfigurations = (
				DAAABCAD2BC71F9D00A4C09A /* Debug */,
				DAAABCAE2BC71F9D00A4C09A /* Release */,
			);
			defaultConfigurationIsVisible = 0;
			defaultConfigurationName = Release;
		};
/* End XCConfigurationList section */

/* Begin XCRemoteSwiftPackageReference section */
		DA5BB9422BD862BC0010DC12 /* XCRemoteSwiftPackageReference "swift-structures" */ = {
			isa = XCRemoteSwiftPackageReference;
			repositoryURL = "https://github.com/waynewbishop/swift-structures";
			requirement = {
				kind = upToNextMajorVersion;
				minimumVersion = 0.3.0;
			};
		};
		DAAABCAF2BC7209200A4C09A /* XCRemoteSwiftPackageReference "generative-ai-swift" */ = {
			isa = XCRemoteSwiftPackageReference;
			repositoryURL = "https://github.com/google/generative-ai-swift";
			requirement = {
				kind = upToNextMajorVersion;
				minimumVersion = 0.4.10;
			};
		};
/* End XCRemoteSwiftPackageReference section */

/* Begin XCSwiftPackageProductDependency section */
		DA5BB9432BD862BC0010DC12 /* Structures */ = {
			isa = XCSwiftPackageProductDependency;
			package = DA5BB9422BD862BC0010DC12 /* XCRemoteSwiftPackageReference "swift-structures" */;
			productName = Structures;
		};
		DAAABCB02BC7209200A4C09A /* GoogleGenerativeAI */ = {
			isa = XCSwiftPackageProductDependency;
			package = DAAABCAF2BC7209200A4C09A /* XCRemoteSwiftPackageReference "generative-ai-swift" */;
			productName = GoogleGenerativeAI;
		};
/* End XCSwiftPackageProductDependency section */
	};
	rootObject = DAAABC952BC71F9C00A4C09A /* Project object */;
}
