{
  "originHash" : "ddabd975e94786dbc07ea7d884c8e826d676d76550d18bdbfeb7411ffab75da0",
  "pins" : [
    {
      "identity" : "generative-ai-swift",
      "kind" : "remoteSourceControl",
      "location" : "https://github.com/google/generative-ai-swift",
      "state" : {
        "revision" : "16e68bed8d8048078cb26a985048bcdb2252353f",
        "version" : "0.5.2"
      }
    },
    {
      "identity" : "swift-structures",
      "kind" : "remoteSourceControl",
      "location" : "https://github.com/waynewbishop/swift-structures",
      "state" : {
        "revision" : "ace400434e42fae58917c713d0c13aec183c89de",
        "version" : "0.5.2"
      }
    }
  ],
  "version" : 3
}
