{
  "originHash" : "12f03f5b2236d86c8a707ae147a2e644a6666d38c927f3247144e28f53f39450",
  "pins" : [
    {
      "identity" : "generative-ai-swift",
      "kind" : "remoteSourceControl",
      "location" : "https://github.com/google/generative-ai-swift",
      "state" : {
        "revision" : "584b1e9a8561716a34b16b8729ca9b85a60f0f95",
        "version" : "0.5.0"
      }
    },
    {
      "identity" : "swift-structures",
      "kind" : "remoteSourceControl",
      "location" : "https://github.com/waynewbishop/swift-structures",
      "state" : {
        "revision" : "ace400434e42fae58917c713d0c13aec183c89de",
        "version" : "0.5.2"
      }
    }
  ],
  "version" : 3
}
